
Microsoft Visual Studio Solution File, Format Version 12.00
# Visual Studio 15
VisualStudioVersion = 15.0.26730.12
MinimumVisualStudioVersion = 10.0.40219.1
Project("{FAE04EC0-301F-11D3-BF4B-00C04F79EFBC}") = "IBMCampus.Android", "IBMCampus\IBMCampus.Android\IBMCampus.Android.csproj", "{69C61760-27B0-4535-B43C-6F4F6844087A}"
EndProject
Project("{FAE04EC0-301F-11D3-BF4B-00C04F79EFBC}") = "IBMCampus", "IBMCampus\IBMCampus\IBMCampus.csproj", "{5B72C983-EE68-46F0-B6EE-0DC5CB8A6EF4}"
EndProject
Project("{FAE04EC0-301F-11D3-BF4B-00C04F79EFBC}") = "IBMCampus.UWP", "IBMCampus\IBMCampus.UWP\IBMCampus.UWP.csproj", "{8D17C86A-6414-4987-A714-49B2C38AF9ED}"
EndProject
Project("{FAE04EC0-301F-11D3-BF4B-00C04F79EFBC}") = "IBMCampus.iOS", "IBMCampus\IBMCampus.iOS\IBMCampus.iOS.csproj", "{83677E79-D897-4A80-8B5E-26182FD1801C}"
EndProject
Global
	GlobalSection(SolutionConfigurationPlatforms) = preSolution
		Ad-Hoc|Any CPU = Ad-Hoc|Any CPU
		Ad-Hoc|ARM = Ad-Hoc|ARM
		Ad-Hoc|iPhone = Ad-Hoc|iPhone
		Ad-Hoc|iPhoneSimulator = Ad-Hoc|iPhoneSimulator
		Ad-Hoc|x64 = Ad-Hoc|x64
		Ad-Hoc|x86 = Ad-Hoc|x86
		AppStore|Any CPU = AppStore|Any CPU
		AppStore|ARM = AppStore|ARM
		AppStore|iPhone = AppStore|iPhone
		AppStore|iPhoneSimulator = AppStore|iPhoneSimulator
		AppStore|x64 = AppStore|x64
		AppStore|x86 = AppStore|x86
		Debug|Any CPU = Debug|Any CPU
		Debug|ARM = Debug|ARM
		Debug|iPhone = Debug|iPhone
		Debug|iPhoneSimulator = Debug|iPhoneSimulator
		Debug|x64 = Debug|x64
		Debug|x86 = Debug|x86
		Release|Any CPU = Release|Any CPU
		Release|ARM = Release|ARM
		Release|iPhone = Release|iPhone
		Release|iPhoneSimulator = Release|iPhoneSimulator
		Release|x64 = Release|x64
		Release|x86 = Release|x86
	EndGlobalSection
	GlobalSection(ProjectConfigurationPlatforms) = postSolution
		{69C61760-27B0-4535-B43C-6F4F6844087A}.Ad-Hoc|Any CPU.ActiveCfg = Release|Any CPU
		{69C61760-27B0-4535-B43C-6F4F6844087A}.Ad-Hoc|Any CPU.Build.0 = Release|Any CPU
		{69C61760-27B0-4535-B43C-6F4F6844087A}.Ad-Hoc|Any CPU.Deploy.0 = Release|Any CPU
		{69C61760-27B0-4535-B43C-6F4F6844087A}.Ad-Hoc|ARM.ActiveCfg = Release|Any CPU
		{69C61760-27B0-4535-B43C-6F4F6844087A}.Ad-Hoc|ARM.Build.0 = Release|Any CPU
		{69C61760-27B0-4535-B43C-6F4F6844087A}.Ad-Hoc|ARM.Deploy.0 = Release|Any CPU
		{69C61760-27B0-4535-B43C-6F4F6844087A}.Ad-Hoc|iPhone.ActiveCfg = Release|Any CPU
		{69C61760-27B0-4535-B43C-6F4F6844087A}.Ad-Hoc|iPhone.Build.0 = Release|Any CPU
		{69C61760-27B0-4535-B43C-6F4F6844087A}.Ad-Hoc|iPhone.Deploy.0 = Release|Any CPU
		{69C61760-27B0-4535-B43C-6F4F6844087A}.Ad-Hoc|iPhoneSimulator.ActiveCfg = Release|Any CPU
		{69C61760-27B0-4535-B43C-6F4F6844087A}.Ad-Hoc|iPhoneSimulator.Build.0 = Release|Any CPU
		{69C61760-27B0-4535-B43C-6F4F6844087A}.Ad-Hoc|iPhoneSimulator.Deploy.0 = Release|Any CPU
		{69C61760-27B0-4535-B43C-6F4F6844087A}.Ad-Hoc|x64.ActiveCfg = Release|Any CPU
		{69C61760-27B0-4535-B43C-6F4F6844087A}.Ad-Hoc|x64.Build.0 = Release|Any CPU
		{69C61760-27B0-4535-B43C-6F4F6844087A}.Ad-Hoc|x64.Deploy.0 = Release|Any CPU
		{69C61760-27B0-4535-B43C-6F4F6844087A}.Ad-Hoc|x86.ActiveCfg = Release|Any CPU
		{69C61760-27B0-4535-B43C-6F4F6844087A}.Ad-Hoc|x86.Build.0 = Release|Any CPU
		{69C61760-27B0-4535-B43C-6F4F6844087A}.Ad-Hoc|x86.Deploy.0 = Release|Any CPU
		{69C61760-27B0-4535-B43C-6F4F6844087A}.AppStore|Any CPU.ActiveCfg = Release|Any CPU
		{69C61760-27B0-4535-B43C-6F4F6844087A}.AppStore|Any CPU.Build.0 = Release|Any CPU
		{69C61760-27B0-4535-B43C-6F4F6844087A}.AppStore|Any CPU.Deploy.0 = Release|Any CPU
		{69C61760-27B0-4535-B43C-6F4F6844087A}.AppStore|ARM.ActiveCfg = Release|Any CPU
		{69C61760-27B0-4535-B43C-6F4F6844087A}.AppStore|ARM.Build.0 = Release|Any CPU
		{69C61760-27B0-4535-B43C-6F4F6844087A}.AppStore|ARM.Deploy.0 = Release|Any CPU
		{69C61760-27B0-4535-B43C-6F4F6844087A}.AppStore|iPhone.ActiveCfg = Release|Any CPU
		{69C61760-27B0-4535-B43C-6F4F6844087A}.AppStore|iPhone.Build.0 = Release|Any CPU
		{69C61760-27B0-4535-B43C-6F4F6844087A}.AppStore|iPhone.Deploy.0 = Release|Any CPU
		{69C61760-27B0-4535-B43C-6F4F6844087A}.AppStore|iPhoneSimulator.ActiveCfg = Release|Any CPU
		{69C61760-27B0-4535-B43C-6F4F6844087A}.AppStore|iPhoneSimulator.Build.0 = Release|Any CPU
		{69C61760-27B0-4535-B43C-6F4F6844087A}.AppStore|iPhoneSimulator.Deploy.0 = Release|Any CPU
		{69C61760-27B0-4535-B43C-6F4F6844087A}.AppStore|x64.ActiveCfg = Release|Any CPU
		{69C61760-27B0-4535-B43C-6F4F6844087A}.AppStore|x64.Build.0 = Release|Any CPU
		{69C61760-27B0-4535-B43C-6F4F6844087A}.AppStore|x64.Deploy.0 = Release|Any CPU
		{69C61760-27B0-4535-B43C-6F4F6844087A}.AppStore|x86.ActiveCfg = Release|Any CPU
		{69C61760-27B0-4535-B43C-6F4F6844087A}.AppStore|x86.Build.0 = Release|Any CPU
		{69C61760-27B0-4535-B43C-6F4F6844087A}.AppStore|x86.Deploy.0 = Release|Any CPU
		{69C61760-27B0-4535-B43C-6F4F6844087A}.Debug|Any CPU.ActiveCfg = Debug|Any CPU
		{69C61760-27B0-4535-B43C-6F4F6844087A}.Debug|Any CPU.Build.0 = Debug|Any CPU
		{69C61760-27B0-4535-B43C-6F4F6844087A}.Debug|Any CPU.Deploy.0 = Debug|Any CPU
		{69C61760-27B0-4535-B43C-6F4F6844087A}.Debug|ARM.ActiveCfg = Debug|Any CPU
		{69C61760-27B0-4535-B43C-6F4F6844087A}.Debug|ARM.Build.0 = Debug|Any CPU
		{69C61760-27B0-4535-B43C-6F4F6844087A}.Debug|ARM.Deploy.0 = Debug|Any CPU
		{69C61760-27B0-4535-B43C-6F4F6844087A}.Debug|iPhone.ActiveCfg = Debug|Any CPU
		{69C61760-27B0-4535-B43C-6F4F6844087A}.Debug|iPhone.Build.0 = Debug|Any CPU
		{69C61760-27B0-4535-B43C-6F4F6844087A}.Debug|iPhone.Deploy.0 = Debug|Any CPU
		{69C61760-27B0-4535-B43C-6F4F6844087A}.Debug|iPhoneSimulator.ActiveCfg = Debug|Any CPU
		{69C61760-27B0-4535-B43C-6F4F6844087A}.Debug|iPhoneSimulator.Build.0 = Debug|Any CPU
		{69C61760-27B0-4535-B43C-6F4F6844087A}.Debug|iPhoneSimulator.Deploy.0 = Debug|Any CPU
		{69C61760-27B0-4535-B43C-6F4F6844087A}.Debug|x64.ActiveCfg = Debug|Any CPU
		{69C61760-27B0-4535-B43C-6F4F6844087A}.Debug|x64.Build.0 = Debug|Any CPU
		{69C61760-27B0-4535-B43C-6F4F6844087A}.Debug|x64.Deploy.0 = Debug|Any CPU
		{69C61760-27B0-4535-B43C-6F4F6844087A}.Debug|x86.ActiveCfg = Debug|Any CPU
		{69C61760-27B0-4535-B43C-6F4F6844087A}.Debug|x86.Build.0 = Debug|Any CPU
		{69C61760-27B0-4535-B43C-6F4F6844087A}.Debug|x86.Deploy.0 = Debug|Any CPU
		{69C61760-27B0-4535-B43C-6F4F6844087A}.Release|Any CPU.ActiveCfg = Release|Any CPU
		{69C61760-27B0-4535-B43C-6F4F6844087A}.Release|Any CPU.Build.0 = Release|Any CPU
		{69C61760-27B0-4535-B43C-6F4F6844087A}.Release|Any CPU.Deploy.0 = Release|Any CPU
		{69C61760-27B0-4535-B43C-6F4F6844087A}.Release|ARM.ActiveCfg = Release|Any CPU
		{69C61760-27B0-4535-B43C-6F4F6844087A}.Release|ARM.Build.0 = Release|Any CPU
		{69C61760-27B0-4535-B43C-6F4F6844087A}.Release|ARM.Deploy.0 = Release|Any CPU
		{69C61760-27B0-4535-B43C-6F4F6844087A}.Release|iPhone.ActiveCfg = Release|Any CPU
		{69C61760-27B0-4535-B43C-6F4F6844087A}.Release|iPhone.Build.0 = Release|Any CPU
		{69C61760-27B0-4535-B43C-6F4F6844087A}.Release|iPhone.Deploy.0 = Release|Any CPU
		{69C61760-27B0-4535-B43C-6F4F6844087A}.Release|iPhoneSimulator.ActiveCfg = Release|Any CPU
		{69C61760-27B0-4535-B43C-6F4F6844087A}.Release|iPhoneSimulator.Build.0 = Release|Any CPU
		{69C61760-27B0-4535-B43C-6F4F6844087A}.Release|iPhoneSimulator.Deploy.0 = Release|Any CPU
		{69C61760-27B0-4535-B43C-6F4F6844087A}.Release|x64.ActiveCfg = Release|Any CPU
		{69C61760-27B0-4535-B43C-6F4F6844087A}.Release|x64.Build.0 = Release|Any CPU
		{69C61760-27B0-4535-B43C-6F4F6844087A}.Release|x64.Deploy.0 = Release|Any CPU
		{69C61760-27B0-4535-B43C-6F4F6844087A}.Release|x86.ActiveCfg = Release|Any CPU
		{69C61760-27B0-4535-B43C-6F4F6844087A}.Release|x86.Build.0 = Release|Any CPU
		{69C61760-27B0-4535-B43C-6F4F6844087A}.Release|x86.Deploy.0 = Release|Any CPU
		{5B72C983-EE68-46F0-B6EE-0DC5CB8A6EF4}.Ad-Hoc|Any CPU.ActiveCfg = Release|Any CPU
		{5B72C983-EE68-46F0-B6EE-0DC5CB8A6EF4}.Ad-Hoc|Any CPU.Build.0 = Release|Any CPU
		{5B72C983-EE68-46F0-B6EE-0DC5CB8A6EF4}.Ad-Hoc|ARM.ActiveCfg = Release|Any CPU
		{5B72C983-EE68-46F0-B6EE-0DC5CB8A6EF4}.Ad-Hoc|ARM.Build.0 = Release|Any CPU
		{5B72C983-EE68-46F0-B6EE-0DC5CB8A6EF4}.Ad-Hoc|iPhone.ActiveCfg = Release|Any CPU
		{5B72C983-EE68-46F0-B6EE-0DC5CB8A6EF4}.Ad-Hoc|iPhone.Build.0 = Release|Any CPU
		{5B72C983-EE68-46F0-B6EE-0DC5CB8A6EF4}.Ad-Hoc|iPhoneSimulator.ActiveCfg = Release|Any CPU
		{5B72C983-EE68-46F0-B6EE-0DC5CB8A6EF4}.Ad-Hoc|iPhoneSimulator.Build.0 = Release|Any CPU
		{5B72C983-EE68-46F0-B6EE-0DC5CB8A6EF4}.Ad-Hoc|x64.ActiveCfg = Release|Any CPU
		{5B72C983-EE68-46F0-B6EE-0DC5CB8A6EF4}.Ad-Hoc|x64.Build.0 = Release|Any CPU
		{5B72C983-EE68-46F0-B6EE-0DC5CB8A6EF4}.Ad-Hoc|x86.ActiveCfg = Release|Any CPU
		{5B72C983-EE68-46F0-B6EE-0DC5CB8A6EF4}.Ad-Hoc|x86.Build.0 = Release|Any CPU
		{5B72C983-EE68-46F0-B6EE-0DC5CB8A6EF4}.AppStore|Any CPU.ActiveCfg = Release|Any CPU
		{5B72C983-EE68-46F0-B6EE-0DC5CB8A6EF4}.AppStore|Any CPU.Build.0 = Release|Any CPU
		{5B72C983-EE68-46F0-B6EE-0DC5CB8A6EF4}.AppStore|ARM.ActiveCfg = Release|Any CPU
		{5B72C983-EE68-46F0-B6EE-0DC5CB8A6EF4}.AppStore|ARM.Build.0 = Release|Any CPU
		{5B72C983-EE68-46F0-B6EE-0DC5CB8A6EF4}.AppStore|iPhone.ActiveCfg = Release|Any CPU
		{5B72C983-EE68-46F0-B6EE-0DC5CB8A6EF4}.AppStore|iPhone.Build.0 = Release|Any CPU
		{5B72C983-EE68-46F0-B6EE-0DC5CB8A6EF4}.AppStore|iPhoneSimulator.ActiveCfg = Release|Any CPU
		{5B72C983-EE68-46F0-B6EE-0DC5CB8A6EF4}.AppStore|iPhoneSimulator.Build.0 = Release|Any CPU
		{5B72C983-EE68-46F0-B6EE-0DC5CB8A6EF4}.AppStore|x64.ActiveCfg = Release|Any CPU
		{5B72C983-EE68-46F0-B6EE-0DC5CB8A6EF4}.AppStore|x64.Build.0 = Release|Any CPU
		{5B72C983-EE68-46F0-B6EE-0DC5CB8A6EF4}.AppStore|x86.ActiveCfg = Release|Any CPU
		{5B72C983-EE68-46F0-B6EE-0DC5CB8A6EF4}.AppStore|x86.Build.0 = Release|Any CPU
		{5B72C983-EE68-46F0-B6EE-0DC5CB8A6EF4}.Debug|Any CPU.ActiveCfg = Debug|Any CPU
		{5B72C983-EE68-46F0-B6EE-0DC5CB8A6EF4}.Debug|Any CPU.Build.0 = Debug|Any CPU
		{5B72C983-EE68-46F0-B6EE-0DC5CB8A6EF4}.Debug|ARM.ActiveCfg = Debug|Any CPU
		{5B72C983-EE68-46F0-B6EE-0DC5CB8A6EF4}.Debug|ARM.Build.0 = Debug|Any CPU
		{5B72C983-EE68-46F0-B6EE-0DC5CB8A6EF4}.Debug|iPhone.ActiveCfg = Debug|Any CPU
		{5B72C983-EE68-46F0-B6EE-0DC5CB8A6EF4}.Debug|iPhone.Build.0 = Debug|Any CPU
		{5B72C983-EE68-46F0-B6EE-0DC5CB8A6EF4}.Debug|iPhoneSimulator.ActiveCfg = Debug|Any CPU
		{5B72C983-EE68-46F0-B6EE-0DC5CB8A6EF4}.Debug|iPhoneSimulator.Build.0 = Debug|Any CPU
		{5B72C983-EE68-46F0-B6EE-0DC5CB8A6EF4}.Debug|x64.ActiveCfg = Debug|Any CPU
		{5B72C983-EE68-46F0-B6EE-0DC5CB8A6EF4}.Debug|x64.Build.0 = Debug|Any CPU
		{5B72C983-EE68-46F0-B6EE-0DC5CB8A6EF4}.Debug|x86.ActiveCfg = Debug|Any CPU
		{5B72C983-EE68-46F0-B6EE-0DC5CB8A6EF4}.Debug|x86.Build.0 = Debug|Any CPU
		{5B72C983-EE68-46F0-B6EE-0DC5CB8A6EF4}.Release|Any CPU.ActiveCfg = Release|Any CPU
		{5B72C983-EE68-46F0-B6EE-0DC5CB8A6EF4}.Release|Any CPU.Build.0 = Release|Any CPU
		{5B72C983-EE68-46F0-B6EE-0DC5CB8A6EF4}.Release|ARM.ActiveCfg = Release|Any CPU
		{5B72C983-EE68-46F0-B6EE-0DC5CB8A6EF4}.Release|ARM.Build.0 = Release|Any CPU
		{5B72C983-EE68-46F0-B6EE-0DC5CB8A6EF4}.Release|iPhone.ActiveCfg = Release|Any CPU
		{5B72C983-EE68-46F0-B6EE-0DC5CB8A6EF4}.Release|iPhone.Build.0 = Release|Any CPU
		{5B72C983-EE68-46F0-B6EE-0DC5CB8A6EF4}.Release|iPhoneSimulator.ActiveCfg = Release|Any CPU
		{5B72C983-EE68-46F0-B6EE-0DC5CB8A6EF4}.Release|iPhoneSimulator.Build.0 = Release|Any CPU
		{5B72C983-EE68-46F0-B6EE-0DC5CB8A6EF4}.Release|x64.ActiveCfg = Release|Any CPU
		{5B72C983-EE68-46F0-B6EE-0DC5CB8A6EF4}.Release|x64.Build.0 = Release|Any CPU
		{5B72C983-EE68-46F0-B6EE-0DC5CB8A6EF4}.Release|x86.ActiveCfg = Release|Any CPU
		{5B72C983-EE68-46F0-B6EE-0DC5CB8A6EF4}.Release|x86.Build.0 = Release|Any CPU
		{8D17C86A-6414-4987-A714-49B2C38AF9ED}.Ad-Hoc|Any CPU.ActiveCfg = Release|x86
		{8D17C86A-6414-4987-A714-49B2C38AF9ED}.Ad-Hoc|Any CPU.Build.0 = Release|x86
		{8D17C86A-6414-4987-A714-49B2C38AF9ED}.Ad-Hoc|Any CPU.Deploy.0 = Release|x86
		{8D17C86A-6414-4987-A714-49B2C38AF9ED}.Ad-Hoc|ARM.ActiveCfg = Release|ARM
		{8D17C86A-6414-4987-A714-49B2C38AF9ED}.Ad-Hoc|ARM.Build.0 = Release|ARM
		{8D17C86A-6414-4987-A714-49B2C38AF9ED}.Ad-Hoc|ARM.Deploy.0 = Release|ARM
		{8D17C86A-6414-4987-A714-49B2C38AF9ED}.Ad-Hoc|iPhone.ActiveCfg = Release|x86
		{8D17C86A-6414-4987-A714-49B2C38AF9ED}.Ad-Hoc|iPhone.Build.0 = Release|x86
		{8D17C86A-6414-4987-A714-49B2C38AF9ED}.Ad-Hoc|iPhone.Deploy.0 = Release|x86
		{8D17C86A-6414-4987-A714-49B2C38AF9ED}.Ad-Hoc|iPhoneSimulator.ActiveCfg = Release|x86
		{8D17C86A-6414-4987-A714-49B2C38AF9ED}.Ad-Hoc|iPhoneSimulator.Build.0 = Release|x86
		{8D17C86A-6414-4987-A714-49B2C38AF9ED}.Ad-Hoc|iPhoneSimulator.Deploy.0 = Release|x86
		{8D17C86A-6414-4987-A714-49B2C38AF9ED}.Ad-Hoc|x64.ActiveCfg = Release|x64
		{8D17C86A-6414-4987-A714-49B2C38AF9ED}.Ad-Hoc|x64.Build.0 = Release|x64
		{8D17C86A-6414-4987-A714-49B2C38AF9ED}.Ad-Hoc|x64.Deploy.0 = Release|x64
		{8D17C86A-6414-4987-A714-49B2C38AF9ED}.Ad-Hoc|x86.ActiveCfg = Release|x86
		{8D17C86A-6414-4987-A714-49B2C38AF9ED}.Ad-Hoc|x86.Build.0 = Release|x86
		{8D17C86A-6414-4987-A714-49B2C38AF9ED}.Ad-Hoc|x86.Deploy.0 = Release|x86
		{8D17C86A-6414-4987-A714-49B2C38AF9ED}.AppStore|Any CPU.ActiveCfg = Release|x86
		{8D17C86A-6414-4987-A714-49B2C38AF9ED}.AppStore|Any CPU.Build.0 = Release|x86
		{8D17C86A-6414-4987-A714-49B2C38AF9ED}.AppStore|Any CPU.Deploy.0 = Release|x86
		{8D17C86A-6414-4987-A714-49B2C38AF9ED}.AppStore|ARM.ActiveCfg = Release|ARM
		{8D17C86A-6414-4987-A714-49B2C38AF9ED}.AppStore|ARM.Build.0 = Release|ARM
		{8D17C86A-6414-4987-A714-49B2C38AF9ED}.AppStore|ARM.Deploy.0 = Release|ARM
		{8D17C86A-6414-4987-A714-49B2C38AF9ED}.AppStore|iPhone.ActiveCfg = Release|x86
		{8D17C86A-6414-4987-A714-49B2C38AF9ED}.AppStore|iPhone.Build.0 = Release|x86
		{8D17C86A-6414-4987-A714-49B2C38AF9ED}.AppStore|iPhone.Deploy.0 = Release|x86
		{8D17C86A-6414-4987-A714-49B2C38AF9ED}.AppStore|iPhoneSimulator.ActiveCfg = Release|x86
		{8D17C86A-6414-4987-A714-49B2C38AF9ED}.AppStore|iPhoneSimulator.Build.0 = Release|x86
		{8D17C86A-6414-4987-A714-49B2C38AF9ED}.AppStore|iPhoneSimulator.Deploy.0 = Release|x86
		{8D17C86A-6414-4987-A714-49B2C38AF9ED}.AppStore|x64.ActiveCfg = Release|x64
		{8D17C86A-6414-4987-A714-49B2C38AF9ED}.AppStore|x64.Build.0 = Release|x64
		{8D17C86A-6414-4987-A714-49B2C38AF9ED}.AppStore|x64.Deploy.0 = Release|x64
		{8D17C86A-6414-4987-A714-49B2C38AF9ED}.AppStore|x86.ActiveCfg = Release|x86
		{8D17C86A-6414-4987-A714-49B2C38AF9ED}.AppStore|x86.Build.0 = Release|x86
		{8D17C86A-6414-4987-A714-49B2C38AF9ED}.AppStore|x86.Deploy.0 = Release|x86
		{8D17C86A-6414-4987-A714-49B2C38AF9ED}.Debug|Any CPU.ActiveCfg = Debug|x86
		{8D17C86A-6414-4987-A714-49B2C38AF9ED}.Debug|ARM.ActiveCfg = Debug|ARM
		{8D17C86A-6414-4987-A714-49B2C38AF9ED}.Debug|ARM.Build.0 = Debug|ARM
		{8D17C86A-6414-4987-A714-49B2C38AF9ED}.Debug|ARM.Deploy.0 = Debug|ARM
		{8D17C86A-6414-4987-A714-49B2C38AF9ED}.Debug|iPhone.ActiveCfg = Debug|x86
		{8D17C86A-6414-4987-A714-49B2C38AF9ED}.Debug|iPhoneSimulator.ActiveCfg = Debug|x86
		{8D17C86A-6414-4987-A714-49B2C38AF9ED}.Debug|x64.ActiveCfg = Debug|x64
		{8D17C86A-6414-4987-A714-49B2C38AF9ED}.Debug|x64.Build.0 = Debug|x64
		{8D17C86A-6414-4987-A714-49B2C38AF9ED}.Debug|x64.Deploy.0 = Debug|x64
		{8D17C86A-6414-4987-A714-49B2C38AF9ED}.Debug|x86.ActiveCfg = Debug|x86
		{8D17C86A-6414-4987-A714-49B2C38AF9ED}.Debug|x86.Build.0 = Debug|x86
		{8D17C86A-6414-4987-A714-49B2C38AF9ED}.Debug|x86.Deploy.0 = Debug|x86
		{8D17C86A-6414-4987-A714-49B2C38AF9ED}.Release|Any CPU.ActiveCfg = Release|x86
		{8D17C86A-6414-4987-A714-49B2C38AF9ED}.Release|ARM.ActiveCfg = Release|ARM
		{8D17C86A-6414-4987-A714-49B2C38AF9ED}.Release|ARM.Build.0 = Release|ARM
		{8D17C86A-6414-4987-A714-49B2C38AF9ED}.Release|ARM.Deploy.0 = Release|ARM
		{8D17C86A-6414-4987-A714-49B2C38AF9ED}.Release|iPhone.ActiveCfg = Release|x86
		{8D17C86A-6414-4987-A714-49B2C38AF9ED}.Release|iPhoneSimulator.ActiveCfg = Release|x86
		{8D17C86A-6414-4987-A714-49B2C38AF9ED}.Release|x64.ActiveCfg = Release|x64
		{8D17C86A-6414-4987-A714-49B2C38AF9ED}.Release|x64.Build.0 = Release|x64
		{8D17C86A-6414-4987-A714-49B2C38AF9ED}.Release|x64.Deploy.0 = Release|x64
		{8D17C86A-6414-4987-A714-49B2C38AF9ED}.Release|x86.ActiveCfg = Release|x86
		{8D17C86A-6414-4987-A714-49B2C38AF9ED}.Release|x86.Build.0 = Release|x86
		{8D17C86A-6414-4987-A714-49B2C38AF9ED}.Release|x86.Deploy.0 = Release|x86
		{83677E79-D897-4A80-8B5E-26182FD1801C}.Ad-Hoc|Any CPU.ActiveCfg = Ad-Hoc|iPhone
		{83677E79-D897-4A80-8B5E-26182FD1801C}.Ad-Hoc|ARM.ActiveCfg = Ad-Hoc|iPhone
		{83677E79-D897-4A80-8B5E-26182FD1801C}.Ad-Hoc|iPhone.ActiveCfg = Ad-Hoc|iPhone
		{83677E79-D897-4A80-8B5E-26182FD1801C}.Ad-Hoc|iPhone.Build.0 = Ad-Hoc|iPhone
		{83677E79-D897-4A80-8B5E-26182FD1801C}.Ad-Hoc|iPhoneSimulator.ActiveCfg = Ad-Hoc|iPhoneSimulator
		{83677E79-D897-4A80-8B5E-26182FD1801C}.Ad-Hoc|iPhoneSimulator.Build.0 = Ad-Hoc|iPhoneSimulator
		{83677E79-D897-4A80-8B5E-26182FD1801C}.Ad-Hoc|x64.ActiveCfg = Ad-Hoc|iPhone
		{83677E79-D897-4A80-8B5E-26182FD1801C}.Ad-Hoc|x86.ActiveCfg = Ad-Hoc|iPhone
		{83677E79-D897-4A80-8B5E-26182FD1801C}.AppStore|Any CPU.ActiveCfg = AppStore|iPhone
		{83677E79-D897-4A80-8B5E-26182FD1801C}.AppStore|ARM.ActiveCfg = AppStore|iPhone
		{83677E79-D897-4A80-8B5E-26182FD1801C}.AppStore|iPhone.ActiveCfg = AppStore|iPhone
		{83677E79-D897-4A80-8B5E-26182FD1801C}.AppStore|iPhone.Build.0 = AppStore|iPhone
		{83677E79-D897-4A80-8B5E-26182FD1801C}.AppStore|iPhoneSimulator.ActiveCfg = AppStore|iPhoneSimulator
		{83677E79-D897-4A80-8B5E-26182FD1801C}.AppStore|iPhoneSimulator.Build.0 = AppStore|iPhoneSimulator
		{83677E79-D897-4A80-8B5E-26182FD1801C}.AppStore|x64.ActiveCfg = AppStore|iPhone
		{83677E79-D897-4A80-8B5E-26182FD1801C}.AppStore|x86.ActiveCfg = AppStore|iPhone
		{83677E79-D897-4A80-8B5E-26182FD1801C}.Debug|Any CPU.ActiveCfg = Debug|iPhone
		{83677E79-D897-4A80-8B5E-26182FD1801C}.Debug|ARM.ActiveCfg = Debug|iPhone
		{83677E79-D897-4A80-8B5E-26182FD1801C}.Debug|iPhone.ActiveCfg = Debug|iPhone
		{83677E79-D897-4A80-8B5E-26182FD1801C}.Debug|iPhone.Build.0 = Debug|iPhone
		{83677E79-D897-4A80-8B5E-26182FD1801C}.Debug|iPhoneSimulator.ActiveCfg = Debug|iPhoneSimulator
		{83677E79-D897-4A80-8B5E-26182FD1801C}.Debug|iPhoneSimulator.Build.0 = Debug|iPhoneSimulator
		{83677E79-D897-4A80-8B5E-26182FD1801C}.Debug|x64.ActiveCfg = Debug|iPhone
		{83677E79-D897-4A80-8B5E-26182FD1801C}.Debug|x86.ActiveCfg = Debug|iPhone
		{83677E79-D897-4A80-8B5E-26182FD1801C}.Release|Any CPU.ActiveCfg = Release|iPhone
		{83677E79-D897-4A80-8B5E-26182FD1801C}.Release|ARM.ActiveCfg = Release|iPhone
		{83677E79-D897-4A80-8B5E-26182FD1801C}.Release|iPhone.ActiveCfg = Release|iPhone
		{83677E79-D897-4A80-8B5E-26182FD1801C}.Release|iPhone.Build.0 = Release|iPhone
		{83677E79-D897-4A80-8B5E-26182FD1801C}.Release|iPhoneSimulator.ActiveCfg = Release|iPhoneSimulator
		{83677E79-D897-4A80-8B5E-26182FD1801C}.Release|iPhoneSimulator.Build.0 = Release|iPhoneSimulator
		{83677E79-D897-4A80-8B5E-26182FD1801C}.Release|x64.ActiveCfg = Release|iPhone
		{83677E79-D897-4A80-8B5E-26182FD1801C}.Release|x86.ActiveCfg = Release|iPhone
	EndGlobalSection
	GlobalSection(SolutionProperties) = preSolution
		HideSolutionNode = FALSE
	EndGlobalSection
	GlobalSection(ExtensibilityGlobals) = postSolution
		SolutionGuid = {58489A30-6347-4A85-BD94-161EFB28135D}
	EndGlobalSection
EndGlobal
